// !$*UTF8*$!
{
	archiveVersion = 1;
	classes = {
	};
	objectVersion = 77;
	objects = {

/* Begin PBXBuildFile section */
		0464314A2EAB6D1100303D55 /* SwiftyJSON in Frameworks */ = {isa = PBXBuildFile; productRef = 046431492EAB6D1100303D55 /* SwiftyJSON */; };
		0464314D2EAB6E1400303D55 /* SwiftyJSON in Frameworks */ = {isa = PBXBuildFile; productRef = 0464314C2EAB6E1400303D55 /* SwiftyJSON */; };
		0464314F2EAB6EB000303D55 /* SwiftyJSON in Frameworks */ = {isa = PBXBuildFile; productRef = 0464314E2EAB6EB000303D55 /* SwiftyJSON */; };
		046431512EAB6EB700303D55 /* SwiftyJSON in Frameworks */ = {isa = PBXBuildFile; productRef = 046431502EAB6EB700303D55 /* SwiftyJSON */; };
		046431532EAB6EBE00303D55 /* SwiftyJSON in Frameworks */ = {isa = PBXBuildFile; productRef = 046431522EAB6EBE00303D55 /* SwiftyJSON */; };
		046431552EAB6EC300303D55 /* SwiftyJSON in Frameworks */ = {isa = PBXBuildFile; productRef = 046431542EAB6EC300303D55 /* SwiftyJSON */; };
		04ABFFEE2EA4D536009F5063 /* Pan3PushService.appex in Embed Foundation Extensions */ = {isa = PBXBuildFile; fileRef = 04ABFFE72EA4D536009F5063 /* Pan3PushService.appex */; settings = {ATTRIBUTES = (RemoveHeadersOnCopy, ); }; };
		04F54D5E2EB7444900AEDBF1 /* DGCharts in Frameworks */ = {isa = PBXBuildFile; productRef = 04F54D5D2EB7444900AEDBF1 /* DGCharts */; };
		5EFB22C77E186A6E1D2986F8 /* libPods-Pan3.a in Frameworks */ = {isa = PBXBuildFile; fileRef = D57302C024D36880A396059E /* libPods-Pan3.a */; };
		B2757A4D2E4DE25F00F03D8D /* Car Watch App.app in Embed Watch Content */ = {isa = PBXBuildFile; fileRef = B2757A432E4DE25E00F03D8D /* Car Watch App.app */; settings = {ATTRIBUTES = (RemoveHeadersOnCopy, ); }; };
		B28A417C2E5B4FFD002B5AB2 /* WidgetKit.framework in Frameworks */ = {isa = PBXBuildFile; fileRef = B2D172512E1A767A00922A0C /* WidgetKit.framework */; };
		B28A417D2E5B4FFD002B5AB2 /* SwiftUI.framework in Frameworks */ = {isa = PBXBuildFile; fileRef = B2D172532E1A767A00922A0C /* SwiftUI.framework */; };
		B28A41862E5B4FFF002B5AB2 /* CarWatchWidgetExtension.appex in Embed Foundation Extensions */ = {isa = PBXBuildFile; fileRef = B28A417B2E5B4FFD002B5AB2 /* CarWatchWidgetExtension.appex */; settings = {ATTRIBUTES = (RemoveHeadersOnCopy, ); }; };
		B28EA8782EB344B30096F7AC /* IQKeyboardManagerSwift in Frameworks */ = {isa = PBXBuildFile; productRef = B28EA8772EB344B30096F7AC /* IQKeyboardManagerSwift */; };
		B28EA87B2EB345150096F7AC /* SwifterSwift in Frameworks */ = {isa = PBXBuildFile; productRef = B28EA87A2EB345150096F7AC /* SwifterSwift */; };
		B28EA87E2EB345430096F7AC /* Kingfisher in Frameworks */ = {isa = PBXBuildFile; productRef = B28EA87D2EB345430096F7AC /* Kingfisher */; };
		B28EA8812EB3455D0096F7AC /* Alamofire in Frameworks */ = {isa = PBXBuildFile; productRef = B28EA8802EB3455D0096F7AC /* Alamofire */; };
		B28EA8842EB3457A0096F7AC /* MJRefresh in Frameworks */ = {isa = PBXBuildFile; productRef = B28EA8832EB3457A0096F7AC /* MJRefresh */; };
		B28EA8872EB3458E0096F7AC /* SnapKit in Frameworks */ = {isa = PBXBuildFile; productRef = B28EA8862EB3458E0096F7AC /* SnapKit */; };
		B2D172522E1A767A00922A0C /* WidgetKit.framework in Frameworks */ = {isa = PBXBuildFile; fileRef = B2D172512E1A767A00922A0C /* WidgetKit.framework */; };
		B2D172542E1A767A00922A0C /* SwiftUI.framework in Frameworks */ = {isa = PBXBuildFile; fileRef = B2D172532E1A767A00922A0C /* SwiftUI.framework */; };
		B2D172652E1A767C00922A0C /* CarWidgetExtension.appex in Embed Foundation Extensions */ = {isa = PBXBuildFile; fileRef = B2D172502E1A767A00922A0C /* CarWidgetExtension.appex */; settings = {ATTRIBUTES = (RemoveHeadersOnCopy, ); }; };
/* End PBXBuildFile section */

/* Begin PBXContainerItemProxy section */
		04ABFFEC2EA4D536009F5063 /* PBXContainerItemProxy */ = {
			isa = PBXContainerItemProxy;
			containerPortal = B2C867312E0F9C45009A8FD6 /* Project object */;
			proxyType = 1;
			remoteGlobalIDString = 04ABFFE62EA4D536009F5063;
			remoteInfo = Pan3PushService;
		};
		B2757A4B2E4DE25F00F03D8D /* PBXContainerItemProxy */ = {
			isa = PBXContainerItemProxy;
			containerPortal = B2C867312E0F9C45009A8FD6 /* Project object */;
			proxyType = 1;
			remoteGlobalIDString = B2757A422E4DE25E00F03D8D;
			remoteInfo = "Car Watch App";
		};
		B28A41842E5B4FFF002B5AB2 /* PBXContainerItemProxy */ = {
			isa = PBXContainerItemProxy;
			containerPortal = B2C867312E0F9C45009A8FD6 /* Project object */;
			proxyType = 1;
			remoteGlobalIDString = B28A417A2E5B4FFD002B5AB2;
			remoteInfo = CarWatchWidgetExtension;
		};
		B2D172632E1A767C00922A0C /* PBXContainerItemProxy */ = {
			isa = PBXContainerItemProxy;
			containerPortal = B2C867312E0F9C45009A8FD6 /* Project object */;
			proxyType = 1;
			remoteGlobalIDString = B2D1724F2E1A767A00922A0C;
			remoteInfo = CarWidgetExtension;
		};
/* End PBXContainerItemProxy section */

/* Begin PBXCopyFilesBuildPhase section */
		B21E2C652E150823000FF4C8 /* Embed Foundation Extensions */ = {
			isa = PBXCopyFilesBuildPhase;
			buildActionMask = 2147483647;
			dstPath = "";
			dstSubfolderSpec = 13;
			files = (
				04ABFFEE2EA4D536009F5063 /* Pan3PushService.appex in Embed Foundation Extensions */,
				B2D172652E1A767C00922A0C /* CarWidgetExtension.appex in Embed Foundation Extensions */,
			);
			name = "Embed Foundation Extensions";
			runOnlyForDeploymentPostprocessing = 0;
		};
		B28343D32E1E4FBA0014F730 /* Embed Watch Content */ = {
			isa = PBXCopyFilesBuildPhase;
			buildActionMask = 2147483647;
			dstPath = "$(CONTENTS_FOLDER_PATH)/Watch";
			dstSubfolderSpec = 16;
			files = (
				B2757A4D2E4DE25F00F03D8D /* Car Watch App.app in Embed Watch Content */,
			);
			name = "Embed Watch Content";
			runOnlyForDeploymentPostprocessing = 0;
		};
		B28A418B2E5B4FFF002B5AB2 /* Embed Foundation Extensions */ = {
			isa = PBXCopyFilesBuildPhase;
			buildActionMask = 2147483647;
			dstPath = "";
			dstSubfolderSpec = 13;
			files = (
				B28A41862E5B4FFF002B5AB2 /* CarWatchWidgetExtension.appex in Embed Foundation Extensions */,
			);
			name = "Embed Foundation Extensions";
			runOnlyForDeploymentPostprocessing = 0;
		};
		B2B8AF2E2E1632F1000FC8E6 /* Embed ExtensionKit Extensions */ = {
			isa = PBXCopyFilesBuildPhase;
			buildActionMask = 2147483647;
			dstPath = "$(EXTENSIONS_FOLDER_PATH)";
			dstSubfolderSpec = 16;
			files = (
			);
			name = "Embed ExtensionKit Extensions";
			runOnlyForDeploymentPostprocessing = 0;
		};
/* End PBXCopyFilesBuildPhase section */

/* Begin PBXFileReference section */
		04ABFFE72EA4D536009F5063 /* Pan3PushService.appex */ = {isa = PBXFileReference; explicitFileType = "wrapper.app-extension"; includeInIndex = 0; path = Pan3PushService.appex; sourceTree = BUILT_PRODUCTS_DIR; };
		052578319DD6D8A75C37593E /* Pods-Pan3.release.xcconfig */ = {isa = PBXFileReference; includeInIndex = 1; lastKnownFileType = text.xcconfig; name = "Pods-Pan3.release.xcconfig"; path = "Target Support Files/Pods-Pan3/Pods-Pan3.release.xcconfig"; sourceTree = "<group>"; };
		333EE2A540A61A4EEF08B29E /* Pods-Pan3.debug.xcconfig */ = {isa = PBXFileReference; includeInIndex = 1; lastKnownFileType = text.xcconfig; name = "Pods-Pan3.debug.xcconfig"; path = "Target Support Files/Pods-Pan3/Pods-Pan3.debug.xcconfig"; sourceTree = "<group>"; };
		B21E2C582E150823000FF4C8 /* Intents.framework */ = {isa = PBXFileReference; lastKnownFileType = wrapper.framework; name = Intents.framework; path = System/Library/Frameworks/Intents.framework; sourceTree = SDKROOT; };
		B2757A432E4DE25E00F03D8D /* Car Watch App.app */ = {isa = PBXFileReference; explicitFileType = wrapper.application; includeInIndex = 0; path = "Car Watch App.app"; sourceTree = BUILT_PRODUCTS_DIR; };
		B28A417B2E5B4FFD002B5AB2 /* CarWatchWidgetExtension.appex */ = {isa = PBXFileReference; explicitFileType = "wrapper.app-extension"; includeInIndex = 0; path = CarWatchWidgetExtension.appex; sourceTree = BUILT_PRODUCTS_DIR; };
		B2C867392E0F9C45009A8FD6 /* Pan3.app */ = {isa = PBXFileReference; explicitFileType = wrapper.application; includeInIndex = 0; path = Pan3.app; sourceTree = BUILT_PRODUCTS_DIR; };
		B2D172502E1A767A00922A0C /* CarWidgetExtension.appex */ = {isa = PBXFileReference; explicitFileType = "wrapper.app-extension"; includeInIndex = 0; path = CarWidgetExtension.appex; sourceTree = BUILT_PRODUCTS_DIR; };
		B2D172512E1A767A00922A0C /* WidgetKit.framework */ = {isa = PBXFileReference; lastKnownFileType = wrapper.framework; name = WidgetKit.framework; path = System/Library/Frameworks/WidgetKit.framework; sourceTree = SDKROOT; };
		B2D172532E1A767A00922A0C /* SwiftUI.framework */ = {isa = PBXFileReference; lastKnownFileType = wrapper.framework; name = SwiftUI.framework; path = System/Library/Frameworks/SwiftUI.framework; sourceTree = SDKROOT; };
		D57302C024D36880A396059E /* libPods-Pan3.a */ = {isa = PBXFileReference; explicitFileType = archive.ar; includeInIndex = 0; path = "libPods-Pan3.a"; sourceTree = BUILT_PRODUCTS_DIR; };
/* End PBXFileReference section */

/* Begin PBXFileSystemSynchronizedBuildFileExceptionSet section */
		04ABFFF22EA4D536009F5063 /* Exceptions for "Pan3PushService" folder in "Pan3PushService" target */ = {
			isa = PBXFileSystemSynchronizedBuildFileExceptionSet;
			membershipExceptions = (
				Info.plist,
			);
			target = 04ABFFE62EA4D536009F5063 /* Pan3PushService */;
		};
		04D484392EAF427200EF4A3E /* Exceptions for "LiveActivities" folder in "Pan3" target */ = {
			isa = PBXFileSystemSynchronizedBuildFileExceptionSet;
			membershipExceptions = (
				ChargeAttributes.swift,
				ChargeLiveActivity.swift,
				TripAttributes.swift,
				TripLiveActivity.swift,
			);
			target = B2C867382E0F9C45009A8FD6 /* Pan3 */;
		};
		04D4843A2EAF427200EF4A3E /* Exceptions for "LiveActivities" folder in "Pan3PushService" target */ = {
			isa = PBXFileSystemSynchronizedBuildFileExceptionSet;
			membershipExceptions = (
				ChargeAttributes.swift,
				TripAttributes.swift,
			);
			target = 04ABFFE62EA4D536009F5063 /* Pan3PushService */;
		};
		04FF93CB2EAB69B400D024E9 /* Exceptions for "Shared" folder in "Car Watch App" target */ = {
			isa = PBXFileSystemSynchronizedBuildFileExceptionSet;
			membershipExceptions = (
				SharedCarModel.swift,
				SharedNetworkManager.swift,
			);
			target = B2757A422E4DE25E00F03D8D /* Car Watch App */;
		};
		04FF93CC2EAB69B400D024E9 /* Exceptions for "Shared" folder in "CarWatchWidgetExtension" target */ = {
			isa = PBXFileSystemSynchronizedBuildFileExceptionSet;
			membershipExceptions = (
				SharedCarModel.swift,
				SharedNetworkManager.swift,
			);
			target = B28A417A2E5B4FFD002B5AB2 /* CarWatchWidgetExtension */;
		};
		04FF93CD2EAB69B400D024E9 /* Exceptions for "Shared" folder in "Pan3PushService" target */ = {
			isa = PBXFileSystemSynchronizedBuildFileExceptionSet;
			membershipExceptions = (
				SharedCarModel.swift,
			);
			target = 04ABFFE62EA4D536009F5063 /* Pan3PushService */;
		};
		B21DFF202EAE771B00029D68 /* Exceptions for "Pan3" folder in "Pan3PushService" target */ = {
			isa = PBXFileSystemSynchronizedBuildFileExceptionSet;
			membershipExceptions = (
				Manager/LiveActivityManager.swift,
			);
			target = 04ABFFE62EA4D536009F5063 /* Pan3PushService */;
		};
		B27B072F2E764E0100590DC8 /* Exceptions for "Shared" folder in "Pan3" target */ = {
			isa = PBXFileSystemSynchronizedBuildFileExceptionSet;
			membershipExceptions = (
				SharedAppIntents.swift,
			);
			target = B2C867382E0F9C45009A8FD6 /* Pan3 */;
		};
		B28A418A2E5B4FFF002B5AB2 /* Exceptions for "CarWatchWidget" folder in "CarWatchWidgetExtension" target */ = {
			isa = PBXFileSystemSynchronizedBuildFileExceptionSet;
			membershipExceptions = (
				Info.plist,
			);
			target = B28A417A2E5B4FFD002B5AB2 /* CarWatchWidgetExtension */;
		};
		B29BF9C72EBE499600F03E31 /* Exceptions for "Car Watch App" folder in "Car Watch App" target */ = {
			isa = PBXFileSystemSynchronizedBuildFileExceptionSet;
			membershipExceptions = (
				"Car-Watch-App-Info.plist",
			);
			target = B2757A422E4DE25E00F03D8D /* Car Watch App */;
		};
		B2B568D22EBCAAEA0061849E /* Exceptions for "Car Watch App" folder in "CarWatchWidgetExtension" target */ = {
			isa = PBXFileSystemSynchronizedBuildFileExceptionSet;
			membershipExceptions = (
				WatchAppIntents.swift,
			);
			target = B28A417A2E5B4FFD002B5AB2 /* CarWatchWidgetExtension */;
		};
		B2D172662E1A767C00922A0C /* Exceptions for "CarWidget" folder in "CarWidgetExtension" target */ = {
			isa = PBXFileSystemSynchronizedBuildFileExceptionSet;
			membershipExceptions = (
				Info.plist,
			);
			platformFiltersByRelativePath = {
				CarWidget.swift = (ios, );
				CarWidgetBundle.swift = (ios, );
				CarWidgetControl.swift = (ios, );
				CarWidgetLegacy.swift = (ios, );
				CarWidgetRectangular.swift = (ios, );
			};
			target = B2D1724F2E1A767A00922A0C /* CarWidgetExtension */;
		};
		B2F7CE912E34C0EA00570201 /* Exceptions for "Pan3" folder in "Pan3" target */ = {
			isa = PBXFileSystemSynchronizedBuildFileExceptionSet;
			membershipExceptions = (
				Info.plist,
			);
			target = B2C867382E0F9C45009A8FD6 /* Pan3 */;
		};
		B2F7CE922E34C0EA00570201 /* Exceptions for "Pan3" folder in "CarWidgetExtension" target */ = {
			isa = PBXFileSystemSynchronizedBuildFileExceptionSet;
			membershipExceptions = (
				Manager/LiveActivityManager.swift,
			);
			target = B2D1724F2E1A767A00922A0C /* CarWidgetExtension */;
		};
/* End PBXFileSystemSynchronizedBuildFileExceptionSet section */

/* Begin PBXFileSystemSynchronizedRootGroup section */
		04ABFFE82EA4D536009F5063 /* Pan3PushService */ = {
			isa = PBXFileSystemSynchronizedRootGroup;
			exceptions = (
				04ABFFF22EA4D536009F5063 /* Exceptions for "Pan3PushService" folder in "Pan3PushService" target */,
			);
			path = Pan3PushService;
			sourceTree = "<group>";
		};
		04D4842E2EAF427200EF4A3E /* LiveActivities */ = {
			isa = PBXFileSystemSynchronizedRootGroup;
			exceptions = (
				04D484392EAF427200EF4A3E /* Exceptions for "LiveActivities" folder in "Pan3" target */,
				04D4843A2EAF427200EF4A3E /* Exceptions for "LiveActivities" folder in "Pan3PushService" target */,
			);
			path = LiveActivities;
			sourceTree = "<group>";
		};
		B23E80982E51808C004E1C25 /* Shared */ = {
			isa = PBXFileSystemSynchronizedRootGroup;
			exceptions = (
				B27B072F2E764E0100590DC8 /* Exceptions for "Shared" folder in "Pan3" target */,
				04FF93CB2EAB69B400D024E9 /* Exceptions for "Shared" folder in "Car Watch App" target */,
				04FF93CC2EAB69B400D024E9 /* Exceptions for "Shared" folder in "CarWatchWidgetExtension" target */,
				04FF93CD2EAB69B400D024E9 /* Exceptions for "Shared" folder in "Pan3PushService" target */,
			);
			path = Shared;
			sourceTree = "<group>";
		};
		B2757A442E4DE25E00F03D8D /* Car Watch App */ = {
			isa = PBXFileSystemSynchronizedRootGroup;
			exceptions = (
				B29BF9C72EBE499600F03E31 /* Exceptions for "Car Watch App" folder in "Car Watch App" target */,
				B2B568D22EBCAAEA0061849E /* Exceptions for "Car Watch App" folder in "CarWatchWidgetExtension" target */,
			);
			path = "Car Watch App";
			sourceTree = "<group>";
		};
		B28A417E2E5B4FFD002B5AB2 /* CarWatchWidget */ = {
			isa = PBXFileSystemSynchronizedRootGroup;
			exceptions = (
				B28A418A2E5B4FFF002B5AB2 /* Exceptions for "CarWatchWidget" folder in "CarWatchWidgetExtension" target */,
			);
			path = CarWatchWidget;
			sourceTree = "<group>";
		};
		B2D172552E1A767A00922A0C /* CarWidget */ = {
			isa = PBXFileSystemSynchronizedRootGroup;
			exceptions = (
				B2D172662E1A767C00922A0C /* Exceptions for "CarWidget" folder in "CarWidgetExtension" target */,
			);
			path = CarWidget;
			sourceTree = "<group>";
		};
		B2F7CE772E34C0EA00570201 /* Pan3 */ = {
			isa = PBXFileSystemSynchronizedRootGroup;
			exceptions = (
				B2F7CE912E34C0EA00570201 /* Exceptions for "Pan3" folder in "Pan3" target */,
				B2F7CE922E34C0EA00570201 /* Exceptions for "Pan3" folder in "CarWidgetExtension" target */,
				B21DFF202EAE771B00029D68 /* Exceptions for "Pan3" folder in "Pan3PushService" target */,
			);
			path = Pan3;
			sourceTree = "<group>";
		};
/* End PBXFileSystemSynchronizedRootGroup section */

/* Begin PBXFrameworksBuildPhase section */
		04ABFFE42EA4D536009F5063 /* Frameworks */ = {
			isa = PBXFrameworksBuildPhase;
			buildActionMask = 2147483647;
			files = (
				046431552EAB6EC300303D55 /* SwiftyJSON in Frameworks */,
			);
			runOnlyForDeploymentPostprocessing = 0;
		};
		B2757A402E4DE25E00F03D8D /* Frameworks */ = {
			isa = PBXFrameworksBuildPhase;
			buildActionMask = 2147483647;
			files = (
				0464314F2EAB6EB000303D55 /* SwiftyJSON in Frameworks */,
			);
			runOnlyForDeploymentPostprocessing = 0;
		};
		B28A41782E5B4FFD002B5AB2 /* Frameworks */ = {
			isa = PBXFrameworksBuildPhase;
			buildActionMask = 2147483647;
			files = (
				046431532EAB6EBE00303D55 /* SwiftyJSON in Frameworks */,
				B28A417D2E5B4FFD002B5AB2 /* SwiftUI.framework in Frameworks */,
				B28A417C2E5B4FFD002B5AB2 /* WidgetKit.framework in Frameworks */,
			);
			runOnlyForDeploymentPostprocessing = 0;
		};
		B2C867362E0F9C45009A8FD6 /* Frameworks */ = {
			isa = PBXFrameworksBuildPhase;
			buildActionMask = 2147483647;
			files = (
				B28EA87E2EB345430096F7AC /* Kingfisher in Frameworks */,
				B28EA8812EB3455D0096F7AC /* Alamofire in Frameworks */,
				0464314D2EAB6E1400303D55 /* SwiftyJSON in Frameworks */,
				B28EA8782EB344B30096F7AC /* IQKeyboardManagerSwift in Frameworks */,
				0464314A2EAB6D1100303D55 /* SwiftyJSON in Frameworks */,
				B28EA87B2EB345150096F7AC /* SwifterSwift in Frameworks */,
				B28EA8872EB3458E0096F7AC /* SnapKit in Frameworks */,
				B28EA8842EB3457A0096F7AC /* MJRefresh in Frameworks */,
				04F54D5E2EB7444900AEDBF1 /* DGCharts in Frameworks */,
				5EFB22C77E186A6E1D2986F8 /* libPods-Pan3.a in Frameworks */,
			);
			runOnlyForDeploymentPostprocessing = 0;
		};
		B2D1724D2E1A767A00922A0C /* Frameworks */ = {
			isa = PBXFrameworksBuildPhase;
			buildActionMask = 2147483647;
			files = (
				046431512EAB6EB700303D55 /* SwiftyJSON in Frameworks */,
				B2D172542E1A767A00922A0C /* SwiftUI.framework in Frameworks */,
				B2D172522E1A767A00922A0C /* WidgetKit.framework in Frameworks */,
			);
			runOnlyForDeploymentPostprocessing = 0;
		};
/* End PBXFrameworksBuildPhase section */

/* Begin PBXGroup section */
		5512EBC70C9C6A82D7D293EE /* Frameworks */ = {
			isa = PBXGroup;
			children = (
				B21E2C582E150823000FF4C8 /* Intents.framework */,
				B2D172512E1A767A00922A0C /* WidgetKit.framework */,
				B2D172532E1A767A00922A0C /* SwiftUI.framework */,
				D57302C024D36880A396059E /* libPods-Pan3.a */,
			);
			name = Frameworks;
			sourceTree = "<group>";
		};
		B2C867302E0F9C45009A8FD6 = {
			isa = PBXGroup;
			children = (
				B2F7CE772E34C0EA00570201 /* Pan3 */,
				B23E80982E51808C004E1C25 /* Shared */,
				B2D172552E1A767A00922A0C /* CarWidget */,
				04D4842E2EAF427200EF4A3E /* LiveActivities */,
				B2757A442E4DE25E00F03D8D /* Car Watch App */,
				B28A417E2E5B4FFD002B5AB2 /* CarWatchWidget */,
				04ABFFE82EA4D536009F5063 /* Pan3PushService */,
				B2C8673A2E0F9C45009A8FD6 /* Products */,
				E5829C2B69B03C66C9455089 /* Pods */,
				5512EBC70C9C6A82D7D293EE /* Frameworks */,
			);
			sourceTree = "<group>";
		};
		B2C8673A2E0F9C45009A8FD6 /* Products */ = {
			isa = PBXGroup;
			children = (
				B2C867392E0F9C45009A8FD6 /* Pan3.app */,
				B2D172502E1A767A00922A0C /* CarWidgetExtension.appex */,
				B2757A432E4DE25E00F03D8D /* Car Watch App.app */,
				B28A417B2E5B4FFD002B5AB2 /* CarWatchWidgetExtension.appex */,
				04ABFFE72EA4D536009F5063 /* Pan3PushService.appex */,
			);
			name = Products;
			sourceTree = "<group>";
		};
		E5829C2B69B03C66C9455089 /* Pods */ = {
			isa = PBXGroup;
			children = (
				333EE2A540A61A4EEF08B29E /* Pods-Pan3.debug.xcconfig */,
				052578319DD6D8A75C37593E /* Pods-Pan3.release.xcconfig */,
			);
			path = Pods;
			sourceTree = "<group>";
		};
/* End PBXGroup section */

/* Begin PBXNativeTarget section */
		04ABFFE62EA4D536009F5063 /* Pan3PushService */ = {
			isa = PBXNativeTarget;
			buildConfigurationList = 04ABFFEF2EA4D536009F5063 /* Build configuration list for PBXNativeTarget "Pan3PushService" */;
			buildPhases = (
				04ABFFE32EA4D536009F5063 /* Sources */,
				04ABFFE42EA4D536009F5063 /* Frameworks */,
				04ABFFE52EA4D536009F5063 /* Resources */,
			);
			buildRules = (
			);
			dependencies = (
			);
			fileSystemSynchronizedGroups = (
				04ABFFE82EA4D536009F5063 /* Pan3PushService */,
			);
			name = Pan3PushService;
			productName = Pan3PushService;
			productReference = 04ABFFE72EA4D536009F5063 /* Pan3PushService.appex */;
			productType = "com.apple.product-type.app-extension";
		};
		B2757A422E4DE25E00F03D8D /* Car Watch App */ = {
			isa = PBXNativeTarget;
			buildConfigurationList = B2757A502E4DE25F00F03D8D /* Build configuration list for PBXNativeTarget "Car Watch App" */;
			buildPhases = (
				B2757A3F2E4DE25E00F03D8D /* Sources */,
				B2757A402E4DE25E00F03D8D /* Frameworks */,
				B2757A412E4DE25E00F03D8D /* Resources */,
				B28A418B2E5B4FFF002B5AB2 /* Embed Foundation Extensions */,
			);
			buildRules = (
			);
			dependencies = (
				B28A41852E5B4FFF002B5AB2 /* PBXTargetDependency */,
			);
			fileSystemSynchronizedGroups = (
				B2757A442E4DE25E00F03D8D /* Car Watch App */,
			);
			name = "Car Watch App";
			productName = "Car Watch App";
			productReference = B2757A432E4DE25E00F03D8D /* Car Watch App.app */;
			productType = "com.apple.product-type.application";
		};
		B28A417A2E5B4FFD002B5AB2 /* CarWatchWidgetExtension */ = {
			isa = PBXNativeTarget;
			buildConfigurationList = B28A41872E5B4FFF002B5AB2 /* Build configuration list for PBXNativeTarget "CarWatchWidgetExtension" */;
			buildPhases = (
				B28A41772E5B4FFD002B5AB2 /* Sources */,
				B28A41782E5B4FFD002B5AB2 /* Frameworks */,
				B28A41792E5B4FFD002B5AB2 /* Resources */,
			);
			buildRules = (
			);
			dependencies = (
			);
			fileSystemSynchronizedGroups = (
				B28A417E2E5B4FFD002B5AB2 /* CarWatchWidget */,
			);
			name = CarWatchWidgetExtension;
			productName = CarWatchWidgetExtension;
			productReference = B28A417B2E5B4FFD002B5AB2 /* CarWatchWidgetExtension.appex */;
			productType = "com.apple.product-type.app-extension";
		};
		B2C867382E0F9C45009A8FD6 /* Pan3 */ = {
			isa = PBXNativeTarget;
			buildConfigurationList = B2C8674C2E0F9C45009A8FD6 /* Build configuration list for PBXNativeTarget "Pan3" */;
			buildPhases = (
				4023E9718F2BAD5C2CBD1F9E /* [CP] Check Pods Manifest.lock */,
				B2C867352E0F9C45009A8FD6 /* Sources */,
				B2C867362E0F9C45009A8FD6 /* Frameworks */,
				B2C867372E0F9C45009A8FD6 /* Resources */,
				B21E2C652E150823000FF4C8 /* Embed Foundation Extensions */,
				B2B8AF2E2E1632F1000FC8E6 /* Embed ExtensionKit Extensions */,
				B28343D32E1E4FBA0014F730 /* Embed Watch Content */,
				01DD6A4D99673F1FD9FBAE40 /* [CP] Copy Pods Resources */,
			);
			buildRules = (
			);
			dependencies = (
				B2D172642E1A767C00922A0C /* PBXTargetDependency */,
				B2757A4C2E4DE25F00F03D8D /* PBXTargetDependency */,
				04ABFFED2EA4D536009F5063 /* PBXTargetDependency */,
			);
			fileSystemSynchronizedGroups = (
				B23E80982E51808C004E1C25 /* Shared */,
				B2F7CE772E34C0EA00570201 /* Pan3 */,
			);
			name = Pan3;
			productName = Pan3;
			productReference = B2C867392E0F9C45009A8FD6 /* Pan3.app */;
			productType = "com.apple.product-type.application";
		};
		B2D1724F2E1A767A00922A0C /* CarWidgetExtension */ = {
			isa = PBXNativeTarget;
			buildConfigurationList = B2D172672E1A767C00922A0C /* Build configuration list for PBXNativeTarget "CarWidgetExtension" */;
			buildPhases = (
				B2D1724C2E1A767A00922A0C /* Sources */,
				B2D1724D2E1A767A00922A0C /* Frameworks */,
				B2D1724E2E1A767A00922A0C /* Resources */,
			);
			buildRules = (
			);
			dependencies = (
			);
			fileSystemSynchronizedGroups = (
				04D4842E2EAF427200EF4A3E /* LiveActivities */,
				B23E80982E51808C004E1C25 /* Shared */,
				B2D172552E1A767A00922A0C /* CarWidget */,
			);
			name = CarWidgetExtension;
			productName = CarWidgetExtension;
			productReference = B2D172502E1A767A00922A0C /* CarWidgetExtension.appex */;
			productType = "com.apple.product-type.app-extension";
		};
/* End PBXNativeTarget section */

/* Begin PBXProject section */
		B2C867312E0F9C45009A8FD6 /* Project object */ = {
			isa = PBXProject;
			attributes = {
				BuildIndependentTargetsInParallel = 1;
				LastSwiftUpdateCheck = 2600;
				LastUpgradeCheck = 1620;
				TargetAttributes = {
					04ABFFE62EA4D536009F5063 = {
						CreatedOnToolsVersion = 26.0.1;
					};
					B2757A422E4DE25E00F03D8D = {
						CreatedOnToolsVersion = 16.4;
					};
					B28A417A2E5B4FFD002B5AB2 = {
						CreatedOnToolsVersion = 16.4;
					};
					B2C867382E0F9C45009A8FD6 = {
						CreatedOnToolsVersion = 16.2;
						LastSwiftMigration = 1620;
					};
					B2D1724F2E1A767A00922A0C = {
						CreatedOnToolsVersion = 16.2;
					};
				};
			};
			buildConfigurationList = B2C867342E0F9C45009A8FD6 /* Build configuration list for PBXProject "Pan3" */;
			developmentRegion = "zh-Hans";
			hasScannedForEncodings = 0;
			knownRegions = (
				en,
				Base,
				"zh-Hans",
			);
			mainGroup = B2C867302E0F9C45009A8FD6;
			minimizedProjectReferenceProxies = 1;
			packageReferences = (
				0464314B2EAB6E1400303D55 /* XCRemoteSwiftPackageReference "SwiftyJSON" */,
				B28EA8762EB344B30096F7AC /* XCRemoteSwiftPackageReference "IQKeyboardManager" */,
				B28EA8792EB345150096F7AC /* XCRemoteSwiftPackageReference "SwifterSwift" */,
				B28EA87C2EB345430096F7AC /* XCRemoteSwiftPackageReference "Kingfisher" */,
				B28EA87F2EB3455D0096F7AC /* XCRemoteSwiftPackageReference "Alamofire" */,
				B28EA8822EB3457A0096F7AC /* XCRemoteSwiftPackageReference "MJRefresh" */,
				B28EA8852EB3458E0096F7AC /* XCRemoteSwiftPackageReference "SnapKit" */,
				04F54D5C2EB7444900AEDBF1 /* XCRemoteSwiftPackageReference "Charts" */,
			);
			preferredProjectObjectVersion = 77;
			productRefGroup = B2C8673A2E0F9C45009A8FD6 /* Products */;
			projectDirPath = "";
			projectRoot = "";
			targets = (
				B2C867382E0F9C45009A8FD6 /* Pan3 */,
				B2757A422E4DE25E00F03D8D /* Car Watch App */,
				B2D1724F2E1A767A00922A0C /* CarWidgetExtension */,
				B28A417A2E5B4FFD002B5AB2 /* CarWatchWidgetExtension */,
				04ABFFE62EA4D536009F5063 /* Pan3PushService */,
			);
		};
/* End PBXProject section */

/* Begin PBXResourcesBuildPhase section */
		04ABFFE52EA4D536009F5063 /* Resources */ = {
			isa = PBXResourcesBuildPhase;
			buildActionMask = 2147483647;
			files = (
			);
			runOnlyForDeploymentPostprocessing = 0;
		};
		B2757A412E4DE25E00F03D8D /* Resources */ = {
			isa = PBXResourcesBuildPhase;
			buildActionMask = 2147483647;
			files = (
			);
			runOnlyForDeploymentPostprocessing = 0;
		};
		B28A41792E5B4FFD002B5AB2 /* Resources */ = {
			isa = PBXResourcesBuildPhase;
			buildActionMask = 2147483647;
			files = (
			);
			runOnlyForDeploymentPostprocessing = 0;
		};
		B2C867372E0F9C45009A8FD6 /* Resources */ = {
			isa = PBXResourcesBuildPhase;
			buildActionMask = 2147483647;
			files = (
			);
			runOnlyForDeploymentPostprocessing = 0;
		};
		B2D1724E2E1A767A00922A0C /* Resources */ = {
			isa = PBXResourcesBuildPhase;
			buildActionMask = 2147483647;
			files = (
			);
			runOnlyForDeploymentPostprocessing = 0;
		};
/* End PBXResourcesBuildPhase section */

/* Begin PBXShellScriptBuildPhase section */
		01DD6A4D99673F1FD9FBAE40 /* [CP] Copy Pods Resources */ = {
			isa = PBXShellScriptBuildPhase;
			buildActionMask = 2147483647;
			files = (
			);
			inputFileListPaths = (
				"${PODS_ROOT}/Target Support Files/Pods-Pan3/Pods-Pan3-resources-${CONFIGURATION}-input-files.xcfilelist",
			);
			inputPaths = (
			);
			name = "[CP] Copy Pods Resources";
			outputFileListPaths = (
				"${PODS_ROOT}/Target Support Files/Pods-Pan3/Pods-Pan3-resources-${CONFIGURATION}-output-files.xcfilelist",
			);
			outputPaths = (
			);
			runOnlyForDeploymentPostprocessing = 0;
			shellPath = /bin/sh;
			shellScript = "\"${PODS_ROOT}/Target Support Files/Pods-Pan3/Pods-Pan3-resources.sh\"\n";
			showEnvVarsInLog = 0;
		};
		4023E9718F2BAD5C2CBD1F9E /* [CP] Check Pods Manifest.lock */ = {
			isa = PBXShellScriptBuildPhase;
			buildActionMask = 2147483647;
			files = (
			);
			inputFileListPaths = (
			);
			inputPaths = (
				"${PODS_PODFILE_DIR_PATH}/Podfile.lock",
				"${PODS_ROOT}/Manifest.lock",
			);
			name = "[CP] Check Pods Manifest.lock";
			outputFileListPaths = (
			);
			outputPaths = (
				"$(DERIVED_FILE_DIR)/Pods-Pan3-checkManifestLockResult.txt",
			);
			runOnlyForDeploymentPostprocessing = 0;
			shellPath = /bin/sh;
			shellScript = "diff \"${PODS_PODFILE_DIR_PATH}/Podfile.lock\" \"${PODS_ROOT}/Manifest.lock\" > /dev/null\nif [ $? != 0 ] ; then\n    # print error to STDERR\n    echo \"error: The sandbox is not in sync with the Podfile.lock. Run 'pod install' or update your CocoaPods installation.\" >&2\n    exit 1\nfi\n# This output is used by Xcode 'outputs' to avoid re-running this script phase.\necho \"SUCCESS\" > \"${SCRIPT_OUTPUT_FILE_0}\"\n";
			showEnvVarsInLog = 0;
		};
/* End PBXShellScriptBuildPhase section */

/* Begin PBXSourcesBuildPhase section */
		04ABFFE32EA4D536009F5063 /* Sources */ = {
			isa = PBXSourcesBuildPhase;
			buildActionMask = 2147483647;
			files = (
			);
			runOnlyForDeploymentPostprocessing = 0;
		};
		B2757A3F2E4DE25E00F03D8D /* Sources */ = {
			isa = PBXSourcesBuildPhase;
			buildActionMask = 2147483647;
			files = (
			);
			runOnlyForDeploymentPostprocessing = 0;
		};
		B28A41772E5B4FFD002B5AB2 /* Sources */ = {
			isa = PBXSourcesBuildPhase;
			buildActionMask = 2147483647;
			files = (
			);
			runOnlyForDeploymentPostprocessing = 0;
		};
		B2C867352E0F9C45009A8FD6 /* Sources */ = {
			isa = PBXSourcesBuildPhase;
			buildActionMask = 2147483647;
			files = (
			);
			runOnlyForDeploymentPostprocessing = 0;
		};
		B2D1724C2E1A767A00922A0C /* Sources */ = {
			isa = PBXSourcesBuildPhase;
			buildActionMask = 2147483647;
			files = (
			);
			runOnlyForDeploymentPostprocessing = 0;
		};
/* End PBXSourcesBuildPhase section */

/* Begin PBXTargetDependency section */
		04ABFFED2EA4D536009F5063 /* PBXTargetDependency */ = {
			isa = PBXTargetDependency;
			target = 04ABFFE62EA4D536009F5063 /* Pan3PushService */;
			targetProxy = 04ABFFEC2EA4D536009F5063 /* PBXContainerItemProxy */;
		};
		B2757A4C2E4DE25F00F03D8D /* PBXTargetDependency */ = {
			isa = PBXTargetDependency;
			target = B2757A422E4DE25E00F03D8D /* Car Watch App */;
			targetProxy = B2757A4B2E4DE25F00F03D8D /* PBXContainerItemProxy */;
		};
		B28A41852E5B4FFF002B5AB2 /* PBXTargetDependency */ = {
			isa = PBXTargetDependency;
			target = B28A417A2E5B4FFD002B5AB2 /* CarWatchWidgetExtension */;
			targetProxy = B28A41842E5B4FFF002B5AB2 /* PBXContainerItemProxy */;
		};
		B2D172642E1A767C00922A0C /* PBXTargetDependency */ = {
			isa = PBXTargetDependency;
			target = B2D1724F2E1A767A00922A0C /* CarWidgetExtension */;
			targetProxy = B2D172632E1A767C00922A0C /* PBXContainerItemProxy */;
		};
/* End PBXTargetDependency section */

/* Begin XCBuildConfiguration section */
		04ABFFF02EA4D536009F5063 /* Debug */ = {
			isa = XCBuildConfiguration;
			buildSettings = {
				CODE_SIGN_ENTITLEMENTS = Pan3PushService/Pan3PushService.entitlements;
				CODE_SIGN_STYLE = Automatic;
				CURRENT_PROJECT_VERSION = 1;
				DEVELOPMENT_TEAM = 2WP22Y7RSK;
				GENERATE_INFOPLIST_FILE = YES;
				INFOPLIST_FILE = Pan3PushService/Info.plist;
				INFOPLIST_KEY_CFBundleDisplayName = Pan3PushService;
				INFOPLIST_KEY_NSHumanReadableCopyright = "";
				IPHONEOS_DEPLOYMENT_TARGET = 26.0;
				LD_RUNPATH_SEARCH_PATHS = (
					"$(inherited)",
					"@executable_path/Frameworks",
					"@executable_path/../../Frameworks",
				);
				MARKETING_VERSION = 1.0;
				PRODUCT_BUNDLE_IDENTIFIER = com.dream.pan3car.pushService;
				PRODUCT_NAME = "$(TARGET_NAME)";
				SKIP_INSTALL = YES;
				STRING_CATALOG_GENERATE_SYMBOLS = YES;
				SWIFT_APPROACHABLE_CONCURRENCY = YES;
				SWIFT_EMIT_LOC_STRINGS = YES;
				SWIFT_UPCOMING_FEATURE_MEMBER_IMPORT_VISIBILITY = YES;
				SWIFT_VERSION = 5.0;
				TARGETED_DEVICE_FAMILY = "1,2";
			};
			name = Debug;
		};
		04ABFFF12EA4D536009F5063 /* Release */ = {
			isa = XCBuildConfiguration;
			buildSettings = {
				CODE_SIGN_ENTITLEMENTS = Pan3PushService/Pan3PushService.entitlements;
				CODE_SIGN_STYLE = Automatic;
				CURRENT_PROJECT_VERSION = 1;
				DEVELOPMENT_TEAM = 2WP22Y7RSK;
				GENERATE_INFOPLIST_FILE = YES;
				INFOPLIST_FILE = Pan3PushService/Info.plist;
				INFOPLIST_KEY_CFBundleDisplayName = Pan3PushService;
				INFOPLIST_KEY_NSHumanReadableCopyright = "";
				IPHONEOS_DEPLOYMENT_TARGET = 26.0;
				LD_RUNPATH_SEARCH_PATHS = (
					"$(inherited)",
					"@executable_path/Frameworks",
					"@executable_path/../../Frameworks",
				);
				MARKETING_VERSION = 1.0;
				PRODUCT_BUNDLE_IDENTIFIER = com.dream.pan3car.pushService;
				PRODUCT_NAME = "$(TARGET_NAME)";
				SKIP_INSTALL = YES;
				STRING_CATALOG_GENERATE_SYMBOLS = YES;
				SWIFT_APPROACHABLE_CONCURRENCY = YES;
				SWIFT_EMIT_LOC_STRINGS = YES;
				SWIFT_UPCOMING_FEATURE_MEMBER_IMPORT_VISIBILITY = YES;
				SWIFT_VERSION = 5.0;
				TARGETED_DEVICE_FAMILY = "1,2";
			};
			name = Release;
		};
		B2757A4E2E4DE25F00F03D8D /* Debug */ = {
			isa = XCBuildConfiguration;
			buildSettings = {
				ASSETCATALOG_COMPILER_APPICON_NAME = AppIcon;
				ASSETCATALOG_COMPILER_GLOBAL_ACCENT_COLOR_NAME = AccentColor;
				CODE_SIGN_ENTITLEMENTS = "Car Watch App/Car Watch App.entitlements";
				CODE_SIGN_STYLE = Automatic;
				CURRENT_PROJECT_VERSION = 1;
				DEVELOPMENT_TEAM = 2WP22Y7RSK;
				ENABLE_PREVIEWS = YES;
				GENERATE_INFOPLIST_FILE = YES;
				INFOPLIST_FILE = "Car-Watch-App-Info.plist";
				INFOPLIST_KEY_CFBundleDisplayName = "胖3助手";
				INFOPLIST_KEY_UISupportedInterfaceOrientations = "UIInterfaceOrientationPortrait UIInterfaceOrientationPortraitUpsideDown";
				INFOPLIST_KEY_WKCompanionAppBundleIdentifier = com.dream.pan3car;
				LD_RUNPATH_SEARCH_PATHS = (
					"$(inherited)",
					"@executable_path/Frameworks",
				);
				MARKETING_VERSION = 1.0;
				PRODUCT_BUNDLE_IDENTIFIER = com.dream.pan3car.watchkitapp;
				PRODUCT_NAME = "$(TARGET_NAME)";
				SDKROOT = watchos;
				SKIP_INSTALL = YES;
				SWIFT_EMIT_LOC_STRINGS = YES;
				SWIFT_VERSION = 5.0;
				TARGETED_DEVICE_FAMILY = 4;
				WATCHOS_DEPLOYMENT_TARGET = 10.0;
			};
			name = Debug;
		};
		B2757A4F2E4DE25F00F03D8D /* Release */ = {
			isa = XCBuildConfiguration;
			buildSettings = {
				ASSETCATALOG_COMPILER_APPICON_NAME = AppIcon;
				ASSETCATALOG_COMPILER_GLOBAL_ACCENT_COLOR_NAME = AccentColor;
				CODE_SIGN_ENTITLEMENTS = "Car Watch App/Car Watch App.entitlements";
				CODE_SIGN_STYLE = Automatic;
				CURRENT_PROJECT_VERSION = 1;
				DEVELOPMENT_TEAM = 2WP22Y7RSK;
				ENABLE_PREVIEWS = YES;
				GENERATE_INFOPLIST_FILE = YES;
				INFOPLIST_FILE = "Car-Watch-App-Info.plist";
				INFOPLIST_KEY_CFBundleDisplayName = "胖3助手";
				INFOPLIST_KEY_UISupportedInterfaceOrientations = "UIInterfaceOrientationPortrait UIInterfaceOrientationPortraitUpsideDown";
				INFOPLIST_KEY_WKCompanionAppBundleIdentifier = com.dream.pan3car;
				LD_RUNPATH_SEARCH_PATHS = (
					"$(inherited)",
					"@executable_path/Frameworks",
				);
				MARKETING_VERSION = 1.0;
				PRODUCT_BUNDLE_IDENTIFIER = com.dream.pan3car.watchkitapp;
				PRODUCT_NAME = "$(TARGET_NAME)";
				SDKROOT = watchos;
				SKIP_INSTALL = YES;
				SWIFT_EMIT_LOC_STRINGS = YES;
				SWIFT_VERSION = 5.0;
				TARGETED_DEVICE_FAMILY = 4;
				WATCHOS_DEPLOYMENT_TARGET = 10.0;
			};
			name = Release;
		};
		B28A41882E5B4FFF002B5AB2 /* Debug */ = {
			isa = XCBuildConfiguration;
			buildSettings = {
				ASSETCATALOG_COMPILER_GLOBAL_ACCENT_COLOR_NAME = AccentColor;
				ASSETCATALOG_COMPILER_WIDGET_BACKGROUND_COLOR_NAME = WidgetBackground;
				CODE_SIGN_ENTITLEMENTS = CarWatchWidget/CarWatchWidgetExtension.entitlements;
				CODE_SIGN_STYLE = Automatic;
				CURRENT_PROJECT_VERSION = 1;
				DEVELOPMENT_TEAM = 2WP22Y7RSK;
				GENERATE_INFOPLIST_FILE = YES;
				INFOPLIST_FILE = CarWatchWidget/Info.plist;
				INFOPLIST_KEY_CFBundleDisplayName = CarWatchWidget;
				INFOPLIST_KEY_NSHumanReadableCopyright = "";
				LD_RUNPATH_SEARCH_PATHS = (
					"$(inherited)",
					"@executable_path/Frameworks",
					"@executable_path/../../Frameworks",
					"@executable_path/../../../../Frameworks",
				);
				MARKETING_VERSION = 1.0;
				PRODUCT_BUNDLE_IDENTIFIER = com.dream.pan3car.watchkitapp.CarWatchWidget;
				PRODUCT_NAME = "$(TARGET_NAME)";
				SDKROOT = watchos;
				SKIP_INSTALL = YES;
				SWIFT_EMIT_LOC_STRINGS = YES;
				SWIFT_VERSION = 5.0;
				TARGETED_DEVICE_FAMILY = 4;
				WATCHOS_DEPLOYMENT_TARGET = 10.0;
			};
			name = Debug;
		};
		B28A41892E5B4FFF002B5AB2 /* Release */ = {
			isa = XCBuildConfiguration;
			buildSettings = {
				ASSETCATALOG_COMPILER_GLOBAL_ACCENT_COLOR_NAME = AccentColor;
				ASSETCATALOG_COMPILER_WIDGET_BACKGROUND_COLOR_NAME = WidgetBackground;
				CODE_SIGN_ENTITLEMENTS = CarWatchWidget/CarWatchWidgetExtension.entitlements;
				CODE_SIGN_STYLE = Automatic;
				CURRENT_PROJECT_VERSION = 1;
				DEVELOPMENT_TEAM = 2WP22Y7RSK;
				GENERATE_INFOPLIST_FILE = YES;
				INFOPLIST_FILE = CarWatchWidget/Info.plist;
				INFOPLIST_KEY_CFBundleDisplayName = CarWatchWidget;
				INFOPLIST_KEY_NSHumanReadableCopyright = "";
				LD_RUNPATH_SEARCH_PATHS = (
					"$(inherited)",
					"@executable_path/Frameworks",
					"@executable_path/../../Frameworks",
					"@executable_path/../../../../Frameworks",
				);
				MARKETING_VERSION = 1.0;
				PRODUCT_BUNDLE_IDENTIFIER = com.dream.pan3car.watchkitapp.CarWatchWidget;
				PRODUCT_NAME = "$(TARGET_NAME)";
				SDKROOT = watchos;
				SKIP_INSTALL = YES;
				SWIFT_EMIT_LOC_STRINGS = YES;
				SWIFT_VERSION = 5.0;
				TARGETED_DEVICE_FAMILY = 4;
				WATCHOS_DEPLOYMENT_TARGET = 10.0;
			};
			name = Release;
		};
		B2C8674D2E0F9C45009A8FD6 /* Debug */ = {
			isa = XCBuildConfiguration;
			baseConfigurationReference = 333EE2A540A61A4EEF08B29E /* Pods-Pan3.debug.xcconfig */;
			buildSettings = {
				ASSETCATALOG_COMPILER_APPICON_NAME = AppIcon;
				ASSETCATALOG_COMPILER_GLOBAL_ACCENT_COLOR_NAME = AccentColor;
				CLANG_ENABLE_MODULES = YES;
				CODE_SIGN_ENTITLEMENTS = Pan3/Pan3.entitlements;
				CODE_SIGN_STYLE = Automatic;
				CURRENT_PROJECT_VERSION = 1;
				DEVELOPMENT_TEAM = 2WP22Y7RSK;
				ENABLE_USER_SCRIPT_SANDBOXING = NO;
				GENERATE_INFOPLIST_FILE = YES;
				INFOPLIST_FILE = Pan3/Info.plist;
				INFOPLIST_KEY_CFBundleDisplayName = "胖3助手";
				INFOPLIST_KEY_ITSAppUsesNonExemptEncryption = NO;
				INFOPLIST_KEY_NFCReaderUsageDescription = "此应用需要NFC功能来写入卡实现快捷方式使用";
				INFOPLIST_KEY_NSPhotoLibraryAddUsageDescription = "通过保存相册的权限可以保存二维码到你的相册";
				INFOPLIST_KEY_NSPhotoLibraryUsageDescription = "获取相册权限后可以更好的提供更多的帮助比如头像功能";
				INFOPLIST_KEY_NSSupportsLiveActivities = YES;
				INFOPLIST_KEY_UIApplicationSupportsIndirectInputEvents = YES;
				INFOPLIST_KEY_UILaunchStoryboardName = LaunchScreen;
				INFOPLIST_KEY_UIMainStoryboardFile = Main;
				INFOPLIST_KEY_UISupportedInterfaceOrientations = UIInterfaceOrientationPortrait;
				INFOPLIST_KEY_UISupportedInterfaceOrientations_iPad = "UIInterfaceOrientationLandscapeLeft UIInterfaceOrientationLandscapeRight UIInterfaceOrientationPortrait UIInterfaceOrientationPortraitUpsideDown";
				INFOPLIST_KEY_UIUserInterfaceStyle = Dark;
				IPHONEOS_DEPLOYMENT_TARGET = 16.2;
				LD_RUNPATH_SEARCH_PATHS = (
					"$(inherited)",
					"@executable_path/Frameworks",
				);
				MARKETING_VERSION = 1.4.0;
				PRODUCT_BUNDLE_IDENTIFIER = com.dream.pan3car;
				PRODUCT_NAME = "$(TARGET_NAME)";
				SUPPORTED_PLATFORMS = "iphoneos iphonesimulator";
				SUPPORTS_MACCATALYST = NO;
				SWIFT_EMIT_LOC_STRINGS = YES;
				SWIFT_OBJC_BRIDGING_HEADER = "Pan3/Pan3-Bridging-Header.h";
				SWIFT_OPTIMIZATION_LEVEL = "-Onone";
				SWIFT_VERSION = 5.0;
				TARGETED_DEVICE_FAMILY = 1;
			};
			name = Debug;
		};
		B2C8674E2E0F9C45009A8FD6 /* Release */ = {
			isa = XCBuildConfiguration;
			baseConfigurationReference = 052578319DD6D8A75C37593E /* Pods-Pan3.release.xcconfig */;
			buildSettings = {
				ASSETCATALOG_COMPILER_APPICON_NAME = AppIcon;
				ASSETCATALOG_COMPILER_GLOBAL_ACCENT_COLOR_NAME = AccentColor;
				CLANG_ENABLE_MODULES = YES;
				CODE_SIGN_ENTITLEMENTS = Pan3/Pan3.entitlements;
				CODE_SIGN_STYLE = Automatic;
				CURRENT_PROJECT_VERSION = 1;
				DEVELOPMENT_TEAM = 2WP22Y7RSK;
				ENABLE_USER_SCRIPT_SANDBOXING = NO;
				GENERATE_INFOPLIST_FILE = YES;
				INFOPLIST_FILE = Pan3/Info.plist;
				INFOPLIST_KEY_CFBundleDisplayName = "胖3助手";
				INFOPLIST_KEY_ITSAppUsesNonExemptEncryption = NO;
				INFOPLIST_KEY_NFCReaderUsageDescription = "此应用需要NFC功能来写入卡实现快捷方式使用";
				INFOPLIST_KEY_NSPhotoLibraryAddUsageDescription = "通过保存相册的权限可以保存二维码到你的相册";
				INFOPLIST_KEY_NSPhotoLibraryUsageDescription = "获取相册权限后可以更好的提供更多的帮助比如头像功能";
				INFOPLIST_KEY_NSSupportsLiveActivities = YES;
				INFOPLIST_KEY_UIApplicationSupportsIndirectInputEvents = YES;
				INFOPLIST_KEY_UILaunchStoryboardName = LaunchScreen;
				INFOPLIST_KEY_UIMainStoryboardFile = Main;
				INFOPLIST_KEY_UISupportedInterfaceOrientations = UIInterfaceOrientationPortrait;
				INFOPLIST_KEY_UISupportedInterfaceOrientations_iPad = "UIInterfaceOrientationLandscapeLeft UIInterfaceOrientationLandscapeRight UIInterfaceOrientationPortrait UIInterfaceOrientationPortraitUpsideDown";
				INFOPLIST_KEY_UIUserInterfaceStyle = Dark;
				IPHONEOS_DEPLOYMENT_TARGET = 16.2;
				LD_RUNPATH_SEARCH_PATHS = (
					"$(inherited)",
					"@executable_path/Frameworks",
				);
				MARKETING_VERSION = 1.4.0;
				PRODUCT_BUNDLE_IDENTIFIER = com.dream.pan3car;
				PRODUCT_NAME = "$(TARGET_NAME)";
				SUPPORTED_PLATFORMS = "iphoneos iphonesimulator";
				SUPPORTS_MACCATALYST = NO;
				SWIFT_EMIT_LOC_STRINGS = YES;
				SWIFT_OBJC_BRIDGING_HEADER = "Pan3/Pan3-Bridging-Header.h";
				SWIFT_VERSION = 5.0;
				TARGETED_DEVICE_FAMILY = 1;
			};
			name = Release;
		};
		B2C8674F2E0F9C45009A8FD6 /* Debug */ = {
			isa = XCBuildConfiguration;
			buildSettings = {
				ALWAYS_SEARCH_USER_PATHS = NO;
				ASSETCATALOG_COMPILER_GENERATE_SWIFT_ASSET_SYMBOL_EXTENSIONS = YES;
				CLANG_ANALYZER_LOCALIZABILITY_NONLOCALIZED = YES;
				CLANG_ANALYZER_NONNULL = YES;
				CLANG_ANALYZER_NUMBER_OBJECT_CONVERSION = YES_AGGRESSIVE;
				CLANG_CXX_LANGUAGE_STANDARD = "gnu++20";
				CLANG_ENABLE_MODULES = YES;
				CLANG_ENABLE_OBJC_ARC = YES;
				CLANG_ENABLE_OBJC_WEAK = YES;
				CLANG_WARN_BLOCK_CAPTURE_AUTORELEASING = YES;
				CLANG_WARN_BOOL_CONVERSION = YES;
				CLANG_WARN_COMMA = YES;
				CLANG_WARN_CONSTANT_CONVERSION = YES;
				CLANG_WARN_DEPRECATED_OBJC_IMPLEMENTATIONS = YES;
				CLANG_WARN_DIRECT_OBJC_ISA_USAGE = YES_ERROR;
				CLANG_WARN_DOCUMENTATION_COMMENTS = YES;
				CLANG_WARN_EMPTY_BODY = YES;
				CLANG_WARN_ENUM_CONVERSION = YES;
				CLANG_WARN_INFINITE_RECURSION = YES;
				CLANG_WARN_INT_CONVERSION = YES;
				CLANG_WARN_NON_LITERAL_NULL_CONVERSION = YES;
				CLANG_WARN_OBJC_IMPLICIT_RETAIN_SELF = YES;
				CLANG_WARN_OBJC_LITERAL_CONVERSION = YES;
				CLANG_WARN_OBJC_ROOT_CLASS = YES_ERROR;
				CLANG_WARN_QUOTED_INCLUDE_IN_FRAMEWORK_HEADER = YES;
				CLANG_WARN_RANGE_LOOP_ANALYSIS = YES;
				CLANG_WARN_STRICT_PROTOTYPES = YES;
				CLANG_WARN_SUSPICIOUS_MOVE = YES;
				CLANG_WARN_UNGUARDED_AVAILABILITY = YES_AGGRESSIVE;
				CLANG_WARN_UNREACHABLE_CODE = YES;
				CLANG_WARN__DUPLICATE_METHOD_MATCH = YES;
				COPY_PHASE_STRIP = NO;
				DEBUG_INFORMATION_FORMAT = dwarf;
				ENABLE_STRICT_OBJC_MSGSEND = YES;
				ENABLE_TESTABILITY = YES;
				ENABLE_USER_SCRIPT_SANDBOXING = YES;
				GCC_C_LANGUAGE_STANDARD = gnu17;
				GCC_DYNAMIC_NO_PIC = NO;
				GCC_NO_COMMON_BLOCKS = YES;
				GCC_OPTIMIZATION_LEVEL = 0;
				GCC_PREPROCESSOR_DEFINITIONS = (
					"DEBUG=1",
					"$(inherited)",
				);
				GCC_WARN_64_TO_32_BIT_CONVERSION = YES;
				GCC_WARN_ABOUT_RETURN_TYPE = YES_ERROR;
				GCC_WARN_UNDECLARED_SELECTOR = YES;
				GCC_WARN_UNINITIALIZED_AUTOS = YES_AGGRESSIVE;
				GCC_WARN_UNUSED_FUNCTION = YES;
				GCC_WARN_UNUSED_VARIABLE = YES;
				IPHONEOS_DEPLOYMENT_TARGET = 18.2;
				LOCALIZATION_PREFERS_STRING_CATALOGS = YES;
				MTL_ENABLE_DEBUG_INFO = INCLUDE_SOURCE;
				MTL_FAST_MATH = YES;
				ONLY_ACTIVE_ARCH = YES;
				SDKROOT = iphoneos;
				SWIFT_ACTIVE_COMPILATION_CONDITIONS = "DEBUG $(inherited)";
				SWIFT_OPTIMIZATION_LEVEL = "-Onone";
			};
			name = Debug;
		};
		B2C867502E0F9C45009A8FD6 /* Release */ = {
			isa = XCBuildConfiguration;
			buildSettings = {
				ALWAYS_SEARCH_USER_PATHS = NO;
				ASSETCATALOG_COMPILER_GENERATE_SWIFT_ASSET_SYMBOL_EXTENSIONS = YES;
				CLANG_ANALYZER_LOCALIZABILITY_NONLOCALIZED = YES;
				CLANG_ANALYZER_NONNULL = YES;
				CLANG_ANALYZER_NUMBER_OBJECT_CONVERSION = YES_AGGRESSIVE;
				CLANG_CXX_LANGUAGE_STANDARD = "gnu++20";
				CLANG_ENABLE_MODULES = YES;
				CLANG_ENABLE_OBJC_ARC = YES;
				CLANG_ENABLE_OBJC_WEAK = YES;
				CLANG_WARN_BLOCK_CAPTURE_AUTORELEASING = YES;
				CLANG_WARN_BOOL_CONVERSION = YES;
				CLANG_WARN_COMMA = YES;
				CLANG_WARN_CONSTANT_CONVERSION = YES;
				CLANG_WARN_DEPRECATED_OBJC_IMPLEMENTATIONS = YES;
				CLANG_WARN_DIRECT_OBJC_ISA_USAGE = YES_ERROR;
				CLANG_WARN_DOCUMENTATION_COMMENTS = YES;
				CLANG_WARN_EMPTY_BODY = YES;
				CLANG_WARN_ENUM_CONVERSION = YES;
				CLANG_WARN_INFINITE_RECURSION = YES;
				CLANG_WARN_INT_CONVERSION = YES;
				CLANG_WARN_NON_LITERAL_NULL_CONVERSION = YES;
				CLANG_WARN_OBJC_IMPLICIT_RETAIN_SELF = YES;
				CLANG_WARN_OBJC_LITERAL_CONVERSION = YES;
				CLANG_WARN_OBJC_ROOT_CLASS = YES_ERROR;
				CLANG_WARN_QUOTED_INCLUDE_IN_FRAMEWORK_HEADER = YES;
				CLANG_WARN_RANGE_LOOP_ANALYSIS = YES;
				CLANG_WARN_STRICT_PROTOTYPES = YES;
				CLANG_WARN_SUSPICIOUS_MOVE = YES;
				CLANG_WARN_UNGUARDED_AVAILABILITY = YES_AGGRESSIVE;
				CLANG_WARN_UNREACHABLE_CODE = YES;
				CLANG_WARN__DUPLICATE_METHOD_MATCH = YES;
				COPY_PHASE_STRIP = NO;
				DEBUG_INFORMATION_FORMAT = "dwarf-with-dsym";
				ENABLE_NS_ASSERTIONS = NO;
				ENABLE_STRICT_OBJC_MSGSEND = YES;
				ENABLE_USER_SCRIPT_SANDBOXING = YES;
				GCC_C_LANGUAGE_STANDARD = gnu17;
				GCC_NO_COMMON_BLOCKS = YES;
				GCC_WARN_64_TO_32_BIT_CONVERSION = YES;
				GCC_WARN_ABOUT_RETURN_TYPE = YES_ERROR;
				GCC_WARN_UNDECLARED_SELECTOR = YES;
				GCC_WARN_UNINITIALIZED_AUTOS = YES_AGGRESSIVE;
				GCC_WARN_UNUSED_FUNCTION = YES;
				GCC_WARN_UNUSED_VARIABLE = YES;
				IPHONEOS_DEPLOYMENT_TARGET = 18.2;
				LOCALIZATION_PREFERS_STRING_CATALOGS = YES;
				MTL_ENABLE_DEBUG_INFO = NO;
				MTL_FAST_MATH = YES;
				SDKROOT = iphoneos;
				SWIFT_COMPILATION_MODE = wholemodule;
				VALIDATE_PRODUCT = YES;
			};
			name = Release;
		};
		B2D172682E1A767C00922A0C /* Debug */ = {
			isa = XCBuildConfiguration;
			buildSettings = {
				ASSETCATALOG_COMPILER_GLOBAL_ACCENT_COLOR_NAME = AccentColor;
				ASSETCATALOG_COMPILER_WIDGET_BACKGROUND_COLOR_NAME = WidgetBackground;
				CODE_SIGN_ENTITLEMENTS = CarWidget/CarWidgetExtension.entitlements;
				CODE_SIGN_STYLE = Automatic;
				CURRENT_PROJECT_VERSION = 1;
				DEVELOPMENT_TEAM = 2WP22Y7RSK;
				GENERATE_INFOPLIST_FILE = YES;
				INFOPLIST_FILE = CarWidget/Info.plist;
				INFOPLIST_KEY_CFBundleDisplayName = CarWidget;
				INFOPLIST_KEY_NSHumanReadableCopyright = "";
				INFOPLIST_KEY_NSSupportsLiveActivities = YES;
				INFOPLIST_KEY_NSSupportsLiveActivitiesFrequentUpdates = YES;
				IPHONEOS_DEPLOYMENT_TARGET = 16.2;
				LD_RUNPATH_SEARCH_PATHS = (
					"$(inherited)",
					"@executable_path/Frameworks",
					"@executable_path/../../Frameworks",
				);
				MARKETING_VERSION = 1.0;
				PRODUCT_BUNDLE_IDENTIFIER = com.dream.pan3car.widget;
				PRODUCT_NAME = "$(TARGET_NAME)";
				SKIP_INSTALL = YES;
				SUPPORTED_PLATFORMS = "iphoneos iphonesimulator";
				SUPPORTS_MACCATALYST = NO;
				SWIFT_EMIT_LOC_STRINGS = YES;
				SWIFT_VERSION = 5.0;
				TARGETED_DEVICE_FAMILY = "1,2";
				WATCHOS_DEPLOYMENT_TARGET = 10.6;
			};
			name = Debug;
		};
		B2D172692E1A767C00922A0C /* Release */ = {
			isa = XCBuildConfiguration;
			buildSettings = {
				ASSETCATALOG_COMPILER_GLOBAL_ACCENT_COLOR_NAME = AccentColor;
				ASSETCATALOG_COMPILER_WIDGET_BACKGROUND_COLOR_NAME = WidgetBackground;
				CODE_SIGN_ENTITLEMENTS = CarWidget/CarWidgetExtension.entitlements;
				CODE_SIGN_STYLE = Automatic;
				CURRENT_PROJECT_VERSION = 1;
				DEVELOPMENT_TEAM = 2WP22Y7RSK;
				GENERATE_INFOPLIST_FILE = YES;
				INFOPLIST_FILE = CarWidget/Info.plist;
				INFOPLIST_KEY_CFBundleDisplayName = CarWidget;
				INFOPLIST_KEY_NSHumanReadableCopyright = "";
				INFOPLIST_KEY_NSSupportsLiveActivities = YES;
				INFOPLIST_KEY_NSSupportsLiveActivitiesFrequentUpdates = YES;
				IPHONEOS_DEPLOYMENT_TARGET = 16.2;
				LD_RUNPATH_SEARCH_PATHS = (
					"$(inherited)",
					"@executable_path/Frameworks",
					"@executable_path/../../Frameworks",
				);
				MARKETING_VERSION = 1.0;
				PRODUCT_BUNDLE_IDENTIFIER = com.dream.pan3car.widget;
				PRODUCT_NAME = "$(TARGET_NAME)";
				SKIP_INSTALL = YES;
				SUPPORTED_PLATFORMS = "iphoneos iphonesimulator";
				SUPPORTS_MACCATALYST = NO;
				SWIFT_EMIT_LOC_STRINGS = YES;
				SWIFT_VERSION = 5.0;
				TARGETED_DEVICE_FAMILY = "1,2";
				WATCHOS_DEPLOYMENT_TARGET = 10.6;
			};
			name = Release;
		};
/* End XCBuildConfiguration section */

/* Begin XCConfigurationList section */
		04ABFFEF2EA4D536009F5063 /* Build configuration list for PBXNativeTarget "Pan3PushService" */ = {
			isa = XCConfigurationList;
			buildConfigurations = (
				04ABFFF02EA4D536009F5063 /* Debug */,
				04ABFFF12EA4D536009F5063 /* Release */,
			);
			defaultConfigurationIsVisible = 0;
			defaultConfigurationName = Release;
		};
		B2757A502E4DE25F00F03D8D /* Build configuration list for PBXNativeTarget "Car Watch App" */ = {
			isa = XCConfigurationList;
			buildConfigurations = (
				B2757A4E2E4DE25F00F03D8D /* Debug */,
				B2757A4F2E4DE25F00F03D8D /* Release */,
			);
			defaultConfigurationIsVisible = 0;
			defaultConfigurationName = Release;
		};
		B28A41872E5B4FFF002B5AB2 /* Build configuration list for PBXNativeTarget "CarWatchWidgetExtension" */ = {
			isa = XCConfigurationList;
			buildConfigurations = (
				B28A41882E5B4FFF002B5AB2 /* Debug */,
				B28A41892E5B4FFF002B5AB2 /* Release */,
			);
			defaultConfigurationIsVisible = 0;
			defaultConfigurationName = Release;
		};
		B2C867342E0F9C45009A8FD6 /* Build configuration list for PBXProject "Pan3" */ = {
			isa = XCConfigurationList;
			buildConfigurations = (
				B2C8674F2E0F9C45009A8FD6 /* Debug */,
				B2C867502E0F9C45009A8FD6 /* Release */,
			);
			defaultConfigurationIsVisible = 0;
			defaultConfigurationName = Release;
		};
		B2C8674C2E0F9C45009A8FD6 /* Build configuration list for PBXNativeTarget "Pan3" */ = {
			isa = XCConfigurationList;
			buildConfigurations = (
				B2C8674D2E0F9C45009A8FD6 /* Debug */,
				B2C8674E2E0F9C45009A8FD6 /* Release */,
			);
			defaultConfigurationIsVisible = 0;
			defaultConfigurationName = Release;
		};
		B2D172672E1A767C00922A0C /* Build configuration list for PBXNativeTarget "CarWidgetExtension" */ = {
			isa = XCConfigurationList;
			buildConfigurations = (
				B2D172682E1A767C00922A0C /* Debug */,
				B2D172692E1A767C00922A0C /* Release */,
			);
			defaultConfigurationIsVisible = 0;
			defaultConfigurationName = Release;
		};
/* End XCConfigurationList section */

/* Begin XCRemoteSwiftPackageReference section */
		046431482EAB6D1100303D55 /* XCRemoteSwiftPackageReference "SwiftyJSON" */ = {
			isa = XCRemoteSwiftPackageReference;
			repositoryURL = "https://github.com/SwiftyJSON/SwiftyJSON.git";
			requirement = {
				kind = upToNextMajorVersion;
				minimumVersion = 5.0.2;
			};
		};
		0464314B2EAB6E1400303D55 /* XCRemoteSwiftPackageReference "SwiftyJSON" */ = {
			isa = XCRemoteSwiftPackageReference;
			repositoryURL = "https://github.com/SwiftyJSON/SwiftyJSON.git";
			requirement = {
				kind = upToNextMajorVersion;
				minimumVersion = 5.0.2;
			};
		};
		04F54D5C2EB7444900AEDBF1 /* XCRemoteSwiftPackageReference "Charts" */ = {
			isa = XCRemoteSwiftPackageReference;
			repositoryURL = "https://github.com/danielgindi/Charts.git";
			requirement = {
				kind = upToNextMajorVersion;
				minimumVersion = 5.1.0;
			};
		};
		B28EA8762EB344B30096F7AC /* XCRemoteSwiftPackageReference "IQKeyboardManager" */ = {
			isa = XCRemoteSwiftPackageReference;
			repositoryURL = "https://github.com/hackiftekhar/IQKeyboardManager.git";
			requirement = {
				kind = upToNextMajorVersion;
				minimumVersion = 8.0.1;
			};
		};
		B28EA8792EB345150096F7AC /* XCRemoteSwiftPackageReference "SwifterSwift" */ = {
			isa = XCRemoteSwiftPackageReference;
			repositoryURL = "https://github.com/SwifterSwift/SwifterSwift.git";
			requirement = {
				kind = upToNextMajorVersion;
				minimumVersion = 8.0.0;
			};
		};
		B28EA87C2EB345430096F7AC /* XCRemoteSwiftPackageReference "Kingfisher" */ = {
			isa = XCRemoteSwiftPackageReference;
			repositoryURL = "https://github.com/onevcat/Kingfisher.git";
			requirement = {
				kind = upToNextMajorVersion;
				minimumVersion = 8.6.1;
			};
		};
		B28EA87F2EB3455D0096F7AC /* XCRemoteSwiftPackageReference "Alamofire" */ = {
			isa = XCRemoteSwiftPackageReference;
			repositoryURL = "https://github.com/Alamofire/Alamofire.git";
			requirement = {
				kind = upToNextMajorVersion;
				minimumVersion = 5.10.2;
			};
		};
		B28EA8822EB3457A0096F7AC /* XCRemoteSwiftPackageReference "MJRefresh" */ = {
			isa = XCRemoteSwiftPackageReference;
			repositoryURL = "https://github.com/CoderMJLee/MJRefresh.git";
			requirement = {
				kind = upToNextMajorVersion;
				minimumVersion = 3.7.9;
			};
		};
		B28EA8852EB3458E0096F7AC /* XCRemoteSwiftPackageReference "SnapKit" */ = {
			isa = XCRemoteSwiftPackageReference;
			repositoryURL = "https://github.com/SnapKit/SnapKit.git";
			requirement = {
				kind = upToNextMajorVersion;
				minimumVersion = 5.7.1;
			};
		};
/* End XCRemoteSwiftPackageReference section */

/* Begin XCSwiftPackageProductDependency section */
		046431492EAB6D1100303D55 /* SwiftyJSON */ = {
			isa = XCSwiftPackageProductDependency;
			package = 046431482EAB6D1100303D55 /* XCRemoteSwiftPackageReference "SwiftyJSON" */;
			productName = SwiftyJSON;
		};
		0464314C2EAB6E1400303D55 /* SwiftyJSON */ = {
			isa = XCSwiftPackageProductDependency;
			package = 0464314B2EAB6E1400303D55 /* XCRemoteSwiftPackageReference "SwiftyJSON" */;
			productName = SwiftyJSON;
		};
		0464314E2EAB6EB000303D55 /* SwiftyJSON */ = {
			isa = XCSwiftPackageProductDependency;
			package = 0464314B2EAB6E1400303D55 /* XCRemoteSwiftPackageReference "SwiftyJSON" */;
			productName = SwiftyJSON;
		};
		046431502EAB6EB700303D55 /* SwiftyJSON */ = {
			isa = XCSwiftPackageProductDependency;
			package = 0464314B2EAB6E1400303D55 /* XCRemoteSwiftPackageReference "SwiftyJSON" */;
			productName = SwiftyJSON;
		};
		046431522EAB6EBE00303D55 /* SwiftyJSON */ = {
			isa = XCSwiftPackageProductDependency;
			package = 0464314B2EAB6E1400303D55 /* XCRemoteSwiftPackageReference "SwiftyJSON" */;
			productName = SwiftyJSON;
		};
		046431542EAB6EC300303D55 /* SwiftyJSON */ = {
			isa = XCSwiftPackageProductDependency;
			package = 0464314B2EAB6E1400303D55 /* XCRemoteSwiftPackageReference "SwiftyJSON" */;
			productName = SwiftyJSON;
		};
		04F54D5D2EB7444900AEDBF1 /* DGCharts */ = {
			isa = XCSwiftPackageProductDependency;
			package = 04F54D5C2EB7444900AEDBF1 /* XCRemoteSwiftPackageReference "Charts" */;
			productName = DGCharts;
		};
		B28EA8772EB344B30096F7AC /* IQKeyboardManagerSwift */ = {
			isa = XCSwiftPackageProductDependency;
			package = B28EA8762EB344B30096F7AC /* XCRemoteSwiftPackageReference "IQKeyboardManager" */;
			productName = IQKeyboardManagerSwift;
		};
		B28EA87A2EB345150096F7AC /* SwifterSwift */ = {
			isa = XCSwiftPackageProductDependency;
			package = B28EA8792EB345150096F7AC /* XCRemoteSwiftPackageReference "SwifterSwift" */;
			productName = SwifterSwift;
		};
		B28EA87D2EB345430096F7AC /* Kingfisher */ = {
			isa = XCSwiftPackageProductDependency;
			package = B28EA87C2EB345430096F7AC /* XCRemoteSwiftPackageReference "Kingfisher" */;
			productName = Kingfisher;
		};
		B28EA8802EB3455D0096F7AC /* Alamofire */ = {
			isa = XCSwiftPackageProductDependency;
			package = B28EA87F2EB3455D0096F7AC /* XCRemoteSwiftPackageReference "Alamofire" */;
			productName = Alamofire;
		};
		B28EA8832EB3457A0096F7AC /* MJRefresh */ = {
			isa = XCSwiftPackageProductDependency;
			package = B28EA8822EB3457A0096F7AC /* XCRemoteSwiftPackageReference "MJRefresh" */;
			productName = MJRefresh;
		};
		B28EA8862EB3458E0096F7AC /* SnapKit */ = {
			isa = XCSwiftPackageProductDependency;
			package = B28EA8852EB3458E0096F7AC /* XCRemoteSwiftPackageReference "SnapKit" */;
			productName = SnapKit;
		};
/* End XCSwiftPackageProductDependency section */
	};
	rootObject = B2C867312E0F9C45009A8FD6 /* Project object */;
}
